
Microsoft Visual Studio Solution File, Format Version 12.00
# Visual Studio Version 17
VisualStudioVersion = 17.6.33801.468
MinimumVisualStudioVersion = 10.0.40219.1
Project("{FAE04EC0-301F-11D3-BF4B-00C04F79EFBC}") = "WebApi_Test", "WebApi_Test\WebApi_Test.csproj", "{3E26248A-B48F-4595-AA1A-25264CBB1083}"
EndProject
Project("{FAE04EC0-301F-11D3-BF4B-00C04F79EFBC}") = "Services", "Services\Services.csproj", "{6F8F47EE-AF86-4859-B89E-6B86B8D77F87}"
EndProject
Project("{FAE04EC0-301F-11D3-BF4B-00C04F79EFBC}") = "DTO", "DTO\DTO.csproj", "{11453ECA-13FD-4916-A2ED-ECA5292CAD44}"
EndProject
Global
	GlobalSection(SolutionConfigurationPlatforms) = preSolution
		Debug|Any CPU = Debug|Any CPU
		Release|Any CPU = Release|Any CPU
	EndGlobalSection
	GlobalSection(ProjectConfigurationPlatforms) = postSolution
		{3E26248A-B48F-4595-AA1A-25264CBB1083}.Debug|Any CPU.ActiveCfg = Debug|Any CPU
		{3E26248A-B48F-4595-AA1A-25264CBB1083}.Debug|Any CPU.Build.0 = Debug|Any CPU
		{3E26248A-B48F-4595-AA1A-25264CBB1083}.Release|Any CPU.ActiveCfg = Release|Any CPU
		{3E26248A-B48F-4595-AA1A-25264CBB1083}.Release|Any CPU.Build.0 = Release|Any CPU
		{6F8F47EE-AF86-4859-B89E-6B86B8D77F87}.Debug|Any CPU.ActiveCfg = Debug|Any CPU
		{6F8F47EE-AF86-4859-B89E-6B86B8D77F87}.Debug|Any CPU.Build.0 = Debug|Any CPU
		{6F8F47EE-AF86-4859-B89E-6B86B8D77F87}.Release|Any CPU.ActiveCfg = Release|Any CPU
		{6F8F47EE-AF86-4859-B89E-6B86B8D77F87}.Release|Any CPU.Build.0 = Release|Any CPU
		{11453ECA-13FD-4916-A2ED-ECA5292CAD44}.Debug|Any CPU.ActiveCfg = Debug|Any CPU
		{11453ECA-13FD-4916-A2ED-ECA5292CAD44}.Debug|Any CPU.Build.0 = Debug|Any CPU
		{11453ECA-13FD-4916-A2ED-ECA5292CAD44}.Release|Any CPU.ActiveCfg = Release|Any CPU
		{11453ECA-13FD-4916-A2ED-ECA5292CAD44}.Release|Any CPU.Build.0 = Release|Any CPU
	EndGlobalSection
	GlobalSection(SolutionProperties) = preSolution
		HideSolutionNode = FALSE
	EndGlobalSection
	GlobalSection(ExtensibilityGlobals) = postSolution
		SolutionGuid = {69FD262C-19AD-4A6E-9833-D421ED893276}
	EndGlobalSection
EndGlobal
